
Microsoft Visual Studio Solution File, Format Version 12.00
# Visual Studio Version 16
VisualStudioVersion = 16.0.31005.135
MinimumVisualStudioVersion = 10.0.40219.1
Project("{2150E333-8FDC-42A3-9474-1A3956D46DE8}") = "common", "common", "{0B9F3574-586D-40CB-B93A-82CCFC1D9B7B}"
	ProjectSection(SolutionItems) = preProject
		common\.dockerignore = common\.dockerignore
		common\.gitignore = common\.gitignore
		common\Dockerfile = common\Dockerfile
		common\README.md = common\README.md
	EndProjectSection
EndProject
Project("{2150E333-8FDC-42A3-9474-1A3956D46DE8}") = "src", "src", "{3AC16F87-9F05-4CC2-ABD8-F74CD9D8A506}"
EndProject
Project("{2150E333-8FDC-42A3-9474-1A3956D46DE8}") = "tests", "tests", "{BBB4A180-6BCF-49D1-8995-9E81E140CDF7}"
EndProject
Project("{9A19103F-16F7-4668-BE54-9A1E7A4F7556}") = "merchandise-service", "src\merchandise-service\merchandise-service.csproj", "{F81DA50D-7EF6-4DEF-BFC8-FE59C126DC50}"
EndProject
Project("{2150E333-8FDC-42A3-9474-1A3956D46DE8}") = "deploy", "deploy", "{C5A811EC-5769-42CE-B64C-A59F160D608D}"
	ProjectSection(SolutionItems) = preProject
		common\docker-compose.yml = common\docker-compose.yml
	EndProjectSection
EndProject
Global
	GlobalSection(SolutionConfigurationPlatforms) = preSolution
		Debug|Any CPU = Debug|Any CPU
		Release|Any CPU = Release|Any CPU
	EndGlobalSection
	GlobalSection(ProjectConfigurationPlatforms) = postSolution
		{F81DA50D-7EF6-4DEF-BFC8-FE59C126DC50}.Debug|Any CPU.ActiveCfg = Debug|Any CPU
		{F81DA50D-7EF6-4DEF-BFC8-FE59C126DC50}.Debug|Any CPU.Build.0 = Debug|Any CPU
		{F81DA50D-7EF6-4DEF-BFC8-FE59C126DC50}.Release|Any CPU.ActiveCfg = Release|Any CPU
		{F81DA50D-7EF6-4DEF-BFC8-FE59C126DC50}.Release|Any CPU.Build.0 = Release|Any CPU
	EndGlobalSection
	GlobalSection(SolutionProperties) = preSolution
		HideSolutionNode = FALSE
	EndGlobalSection
	GlobalSection(NestedProjects) = preSolution
		{F81DA50D-7EF6-4DEF-BFC8-FE59C126DC50} = {3AC16F87-9F05-4CC2-ABD8-F74CD9D8A506}
	EndGlobalSection
	GlobalSection(ExtensibilityGlobals) = postSolution
		SolutionGuid = {76A32DE2-639C-4EFF-A49C-4C47F4C9117B}
	EndGlobalSection
EndGlobal
